// !$*UTF8*$!
{
	archiveVersion = 1;
	classes = {
	};
	objectVersion = 46;
	objects = {

/* Begin PBXBuildFile section */
		C2DCC9CF1D82DC8A00AE0EF3 /* AppDelegate.swift in Sources */ = {isa = PBXBuildFile; fileRef = C2DCC9CE1D82DC8A00AE0EF3 /* AppDelegate.swift */; };
		C2DCC9D11D82DC8A00AE0EF3 /* ViewController.swift in Sources */ = {isa = PBXBuildFile; fileRef = C2DCC9D01D82DC8A00AE0EF3 /* ViewController.swift */; };
		C2DCC9D41D82DC8A00AE0EF3 /* Main.storyboard in Resources */ = {isa = PBXBuildFile; fileRef = C2DCC9D21D82DC8A00AE0EF3 /* Main.storyboard */; };
		C2DCC9D61D82DC8A00AE0EF3 /* Assets.xcassets in Resources */ = {isa = PBXBuildFile; fileRef = C2DCC9D51D82DC8A00AE0EF3 /* Assets.xcassets */; };
		C2DCC9D91D82DC8A00AE0EF3 /* LaunchScreen.storyboard in Resources */ = {isa = PBXBuildFile; fileRef = C2DCC9D71D82DC8A00AE0EF3 /* LaunchScreen.storyboard */; };
/* End PBXBuildFile section */

/* Begin PBXFileReference section */
		C2DCC9CB1D82DC8A00AE0EF3 /* FamilyChat.app */ = {isa = PBXFileReference; explicitFileType = wrapper.application; includeInIndex = 0; path = FamilyChat.app; sourceTree = BUILT_PRODUCTS_DIR; };
		C2DCC9CE1D82DC8A00AE0EF3 /* AppDelegate.swift */ = {isa = PBXFileReference; lastKnownFileType = sourcecode.swift; path = AppDelegate.swift; sourceTree = "<group>"; };
		C2DCC9D01D82DC8A00AE0EF3 /* ViewController.swift */ = {isa = PBXFileReference; lastKnownFileType = sourcecode.swift; path = ViewController.swift; sourceTree = "<group>"; };
		C2DCC9D31D82DC8A00AE0EF3 /* Base */ = {isa = PBXFileReference; lastKnownFileType = file.storyboard; name = Base; path = Base.lproj/Main.storyboard; sourceTree = "<group>"; };
		C2DCC9D51D82DC8A00AE0EF3 /* Assets.xcassets */ = {isa = PBXFileReference; lastKnownFileType = folder.assetcatalog; path = Assets.xcassets; sourceTree = "<group>"; };
		C2DCC9D81D82DC8A00AE0EF3 /* Base */ = {isa = PBXFileReference; lastKnownFileType = file.storyboard; name = Base; path = Base.lproj/LaunchScreen.storyboard; sourceTree = "<group>"; };
		C2DCC9DA1D82DC8A00AE0EF3 /* Info.plist */ = {isa = PBXFileReference; lastKnownFileType = text.plist.xml; path = Info.plist; sourceTree = "<group>"; };
/* End PBXFileReference section */

/* Begin PBXFrameworksBuildPhase section */
		C2DCC9C81D82DC8A00AE0EF3 /* Frameworks */ = {
			isa = PBXFrameworksBuildPhase;
			buildActionMask = 2147483647;
			files = (
			);
			runOnlyForDeploymentPostprocessing = 0;
		};
/* End PBXFrameworksBuildPhase section */

/* Begin PBXGroup section */
		C2DCC9C21D82DC8A00AE0EF3 = {
			isa = PBXGroup;
			children = (
				C2DCC9CD1D82DC8A00AE0EF3 /* FamilyChat */,
				C2DCC9CC1D82DC8A00AE0EF3 /* Products */,
			);
			sourceTree = "<group>";
		};
		C2DCC9CC1D82DC8A00AE0EF3 /* Products */ = {
			isa = PBXGroup;
			children = (
				C2DCC9CB1D82DC8A00AE0EF3 /* FamilyChat.app */,
			);
			name = Products;
			sourceTree = "<group>";
		};
		C2DCC9CD1D82DC8A00AE0EF3 /* FamilyChat */ = {
			isa = PBXGroup;
			children = (
				C2DCC9CE1D82DC8A00AE0EF3 /* AppDelegate.swift */,
				C2DCC9D01D82DC8A00AE0EF3 /* ViewController.swift */,
				C2DCC9D21D82DC8A00AE0EF3 /* Main.storyboard */,
				C2DCC9D51D82DC8A00AE0EF3 /* Assets.xcassets */,
				C2DCC9D71D82DC8A00AE0EF3 /* LaunchScreen.storyboard */,
				C2DCC9DA1D82DC8A00AE0EF3 /* Info.plist */,
			);
			path = FamilyChat;
			sourceTree = "<group>";
		};
/* End PBXGroup section */

/* Begin PBXNativeTarget section */
		C2DCC9CA1D82DC8A00AE0EF3 /* FamilyChat */ = {
			isa = PBXNativeTarget;
			buildConfigurationList = C2DCC9DD1D82DC8A00AE0EF3 /* Build configuration list for PBXNativeTarget "FamilyChat" */;
			buildPhases = (
				C2DCC9C71D82DC8A00AE0EF3 /* Sources */,
				C2DCC9C81D82DC8A00AE0EF3 /* Frameworks */,
				C2DCC9C91D82DC8A00AE0EF3 /* Resources */,
			);
			buildRules = (
			);
			dependencies = (
			);
			name = FamilyChat;
			productName = FamilyChat;
			productReference = C2DCC9CB1D82DC8A00AE0EF3 /* FamilyChat.app */;
			productType = "com.apple.product-type.application";
		};
/* End PBXNativeTarget section */

/* Begin PBXProject section */
		C2DCC9C31D82DC8A00AE0EF3 /* Project object */ = {
			isa = PBXProject;
			attributes = {
				LastSwiftUpdateCheck = 0730;
				LastUpgradeCheck = 0730;
				ORGANIZATIONNAME = goneToPlaid;
				TargetAttributes = {
					C2DCC9CA1D82DC8A00AE0EF3 = {
						CreatedOnToolsVersion = 7.3.1;
					};
				};
			};
			buildConfigurationList = C2DCC9C61D82DC8A00AE0EF3 /* Build configuration list for PBXProject "FamilyChat" */;
			compatibilityVersion = "Xcode 3.2";
			developmentRegion = English;
			hasScannedForEncodings = 0;
			knownRegions = (
				en,
				Base,
			);
			mainGroup = C2DCC9C21D82DC8A00AE0EF3;
			productRefGroup = C2DCC9CC1D82DC8A00AE0EF3 /* Products */;
			projectDirPath = "";
			projectRoot = "";
			targets = (
				C2DCC9CA1D82DC8A00AE0EF3 /* FamilyChat */,
			);
		};
/* End PBXProject section */

/* Begin PBXResourcesBuildPhase section */
		C2DCC9C91D82DC8A00AE0EF3 /* Resources */ = {
			isa = PBXResourcesBuildPhase;
			buildActionMask = 2147483647;
			files = (
				C2DCC9D91D82DC8A00AE0EF3 /* LaunchScreen.storyboard in Resources */,
				C2DCC9D61D82DC8A00AE0EF3 /* Assets.xcassets in Resources */,
				C2DCC9D41D82DC8A00AE0EF3 /* Main.storyboard in Resources */,
			);
			runOnlyForDeploymentPostprocessing = 0;
		};
/* End PBXResourcesBuildPhase section */

/* Begin PBXSourcesBuildPhase section */
		C2DCC9C71D82DC8A00AE0EF3 /* Sources */ = {
			isa = PBXSourcesBuildPhase;
			buildActionMask = 2147483647;
			files = (
				C2DCC9D11D82DC8A00AE0EF3 /* ViewController.swift in Sources */,
				C2DCC9CF1D82DC8A00AE0EF3 /* AppDelegate.swift in Sources */,
			);
			runOnlyForDeploymentPostprocessing = 0;
		};
/* End PBXSourcesBuildPhase section */

/* Begin PBXVariantGroup section */
		C2DCC9D21D82DC8A00AE0EF3 /* Main.storyboard */ = {
			isa = PBXVariantGroup;
			children = (
				C2DCC9D31D82DC8A00AE0EF3 /* Base */,
			);
			name = Main.storyboard;
			sourceTree = "<group>";
		};
		C2DCC9D71D82DC8A00AE0EF3 /* LaunchScreen.storyboard */ = {
			isa = PBXVariantGroup;
			children = (
				C2DCC9D81D82DC8A00AE0EF3 /* Base */,
			);
			name = LaunchScreen.storyboard;
			sourceTree = "<group>";
		};
/* End PBXVariantGroup section */

/* Begin XCBuildConfiguration section */
		C2DCC9DB1D82DC8A00AE0EF3 /* Debug */ = {
			isa = XCBuildConfiguration;
			buildSettings = {
				ALWAYS_SEARCH_USER_PATHS = NO;
				CLANG_ANALYZER_NONNULL = YES;
				CLANG_CXX_LANGUAGE_STANDARD = "gnu++0x";
				CLANG_CXX_LIBRARY = "libc++";
				CLANG_ENABLE_MODULES = YES;
				CLANG_ENABLE_OBJC_ARC = YES;
				CLANG_WARN_BOOL_CONVERSION = YES;
				CLANG_WARN_CONSTANT_CONVERSION = YES;
				CLANG_WARN_DIRECT_OBJC_ISA_USAGE = YES_ERROR;
				CLANG_WARN_EMPTY_BODY = YES;
				CLANG_WARN_ENUM_CONVERSION = YES;
				CLANG_WARN_INT_CONVERSION = YES;
				CLANG_WARN_OBJC_ROOT_CLASS = YES_ERROR;
				CLANG_WARN_UNREACHABLE_CODE = YES;
				CLANG_WARN__DUPLICATE_METHOD_MATCH = YES;
				"CODE_SIGN_IDENTITY[sdk=iphoneos*]" = "iPhone Developer";
				COPY_PHASE_STRIP = NO;
				DEBUG_INFORMATION_FORMAT = dwarf;
				ENABLE_STRICT_OBJC_MSGSEND = YES;
				ENABLE_TESTABILITY = YES;
				GCC_C_LANGUAGE_STANDARD = gnu99;
				GCC_DYNAMIC_NO_PIC = NO;
				GCC_NO_COMMON_BLOCKS = YES;
				GCC_OPTIMIZATION_LEVEL = 0;
				GCC_PREPROCESSOR_DEFINITIONS = (
					"DEBUG=1",
					"$(inherited)",
				);
				GCC_WARN_64_TO_32_BIT_CONVERSION = YES;
				GCC_WARN_ABOUT_RETURN_TYPE = YES_ERROR;
				GCC_WARN_UNDECLARED_SELECTOR = YES;
				GCC_WARN_UNINITIALIZED_AUTOS = YES_AGGRESSIVE;
				GCC_WARN_UNUSED_FUNCTION = YES;
				GCC_WARN_UNUSED_VARIABLE = YES;
				IPHONEOS_DEPLOYMENT_TARGET = 9.3;
				MTL_ENABLE_DEBUG_INFO = YES;
				ONLY_ACTIVE_ARCH = YES;
				SDKROOT = iphoneos;
				SWIFT_OPTIMIZATION_LEVEL = "-Onone";
			};
			name = Debug;
		};
		C2DCC9DC1D82DC8A00AE0EF3 /* Release */ = {
			isa = XCBuildConfiguration;
			buildSettings = {
				ALWAYS_SEARCH_USER_PATHS = NO;
				CLANG_ANALYZER_NONNULL = YES;
				CLANG_CXX_LANGUAGE_STANDARD = "gnu++0x";
				CLANG_CXX_LIBRARY = "libc++";
				CLANG_ENABLE_MODULES = YES;
				CLANG_ENABLE_OBJC_ARC = YES;
				CLANG_WARN_BOOL_CONVERSION = YES;
				CLANG_WARN_CONSTANT_CONVERSION = YES;
				CLANG_WARN_DIRECT_OBJC_ISA_USAGE = YES_ERROR;
				CLANG_WARN_EMPTY_BODY = YES;
				CLANG_WARN_ENUM_CONVERSION = YES;
				CLANG_WARN_INT_CONVERSION = YES;
				CLANG_WARN_OBJC_ROOT_CLASS = YES_ERROR;
				CLANG_WARN_UNREACHABLE_CODE = YES;
				CLANG_WARN__DUPLICATE_METHOD_MATCH = YES;
				"CODE_SIGN_IDENTITY[sdk=iphoneos*]" = "iPhone Developer";
				COPY_PHASE_STRIP = NO;
				DEBUG_INFORMATION_FORMAT = "dwarf-with-dsym";
				ENABLE_NS_ASSERTIONS = NO;
				ENABLE_STRICT_OBJC_MSGSEND = YES;
				GCC_C_LANGUAGE_STANDARD = gnu99;
				GCC_NO_COMMON_BLOCKS = YES;
				GCC_WARN_64_TO_32_BIT_CONVERSION = YES;
				GCC_WARN_ABOUT_RETURN_TYPE = YES_ERROR;
				GCC_WARN_UNDECLARED_SELECTOR = YES;
				GCC_WARN_UNINITIALIZED_AUTOS = YES_AGGRESSIVE;
				GCC_WARN_UNUSED_FUNCTION = YES;
				GCC_WARN_UNUSED_VARIABLE = YES;
				IPHONEOS_DEPLOYMENT_TARGET = 9.3;
				MTL_ENABLE_DEBUG_INFO = NO;
				SDKROOT = iphoneos;
				VALIDATE_PRODUCT = YES;
			};
			name = Release;
		};
		C2DCC9DE1D82DC8A00AE0EF3 /* Debug */ = {
			isa = XCBuildConfiguration;
			buildSettings = {
				ASSETCATALOG_COMPILER_APPICON_NAME = AppIcon;
				INFOPLIST_FILE = FamilyChat/Info.plist;
				LD_RUNPATH_SEARCH_PATHS = "$(inherited) @executable_path/Frameworks";
				PRODUCT_BUNDLE_IDENTIFIER = co.uk.goneToPlaid.FamilyChat;
				PRODUCT_NAME = "$(TARGET_NAME)";
			};
			name = Debug;
		};
		C2DCC9DF1D82DC8A00AE0EF3 /* Release */ = {
			isa = XCBuildConfiguration;
			buildSettings = {
				ASSETCATALOG_COMPILER_APPICON_NAME = AppIcon;
				INFOPLIST_FILE = FamilyChat/Info.plist;
				LD_RUNPATH_SEARCH_PATHS = "$(inherited) @executable_path/Frameworks";
				PRODUCT_BUNDLE_IDENTIFIER = co.uk.goneToPlaid.FamilyChat;
				PRODUCT_NAME = "$(TARGET_NAME)";
			};
			name = Release;
		};
/* End XCBuildConfiguration section */

/* Begin XCConfigurationList section */
		C2DCC9C61D82DC8A00AE0EF3 /* Build configuration list for PBXProject "FamilyChat" */ = {
			isa = XCConfigurationList;
			buildConfigurations = (
				C2DCC9DB1D82DC8A00AE0EF3 /* Debug */,
				C2DCC9DC1D82DC8A00AE0EF3 /* Release */,
			);
			defaultConfigurationIsVisible = 0;
			defaultConfigurationName = Release;
		};
		C2DCC9DD1D82DC8A00AE0EF3 /* Build configuration list for PBXNativeTarget "FamilyChat" */ = {
			isa = XCConfigurationList;
			buildConfigurations = (
				C2DCC9DE1D82DC8A00AE0EF3 /* Debug */,
				C2DCC9DF1D82DC8A00AE0EF3 /* Release */,
			);
			defaultConfigurationIsVisible = 0;
		};
/* End XCConfigurationList section */
	};
	rootObject = C2DCC9C31D82DC8A00AE0EF3 /* Project object */;
}
